// !$*UTF8*$!
{
	archiveVersion = 1;
	classes = {
	};
	objectVersion = 48;
	objects = {

/* Begin PBXBuildFile section */
		1256E1921FCA86AC00A02B10 /* AppDelegate.swift in Sources */ = {isa = PBXBuildFile; fileRef = 1256E1911FCA86AC00A02B10 /* AppDelegate.swift */; };
		1256E1941FCA86AC00A02B10 /* ViewController.swift in Sources */ = {isa = PBXBuildFile; fileRef = 1256E1931FCA86AC00A02B10 /* ViewController.swift */; };
		1256E1971FCA86AC00A02B10 /* Main.storyboard in Resources */ = {isa = PBXBuildFile; fileRef = 1256E1951FCA86AC00A02B10 /* Main.storyboard */; };
		1256E1991FCA86AC00A02B10 /* Assets.xcassets in Resources */ = {isa = PBXBuildFile; fileRef = 1256E1981FCA86AC00A02B10 /* Assets.xcassets */; };
		1256E19C1FCA86AC00A02B10 /* LaunchScreen.storyboard in Resources */ = {isa = PBXBuildFile; fileRef = 1256E19A1FCA86AC00A02B10 /* LaunchScreen.storyboard */; };
		1292F143202CEB3500F81DFD /* AVFoundation.framework in Frameworks */ = {isa = PBXBuildFile; fileRef = 1292F142202CEB3500F81DFD /* AVFoundation.framework */; };
		12B8CC052026292200FE7097 /* Pitches.swift in Sources */ = {isa = PBXBuildFile; fileRef = 12B8CC042026292200FE7097 /* Pitches.swift */; };
		8FDE54EA202E0C5700AD131F /* Keys.swift in Sources */ = {isa = PBXBuildFile; fileRef = 8FDE54E9202E0C5700AD131F /* Keys.swift */; };
/* End PBXBuildFile section */

/* Begin PBXFileReference section */
		1256E18E1FCA86AC00A02B10 /* Music Interval App.app */ = {isa = PBXFileReference; explicitFileType = wrapper.application; includeInIndex = 0; path = "Music Interval App.app"; sourceTree = BUILT_PRODUCTS_DIR; };
		1256E1911FCA86AC00A02B10 /* AppDelegate.swift */ = {isa = PBXFileReference; lastKnownFileType = sourcecode.swift; path = AppDelegate.swift; sourceTree = "<group>"; };
		1256E1931FCA86AC00A02B10 /* ViewController.swift */ = {isa = PBXFileReference; lastKnownFileType = sourcecode.swift; path = ViewController.swift; sourceTree = "<group>"; };
		1256E1961FCA86AC00A02B10 /* Base */ = {isa = PBXFileReference; lastKnownFileType = file.storyboard; name = Base; path = Base.lproj/Main.storyboard; sourceTree = "<group>"; };
		1256E1981FCA86AC00A02B10 /* Assets.xcassets */ = {isa = PBXFileReference; lastKnownFileType = folder.assetcatalog; path = Assets.xcassets; sourceTree = "<group>"; };
		1256E19B1FCA86AC00A02B10 /* Base */ = {isa = PBXFileReference; lastKnownFileType = file.storyboard; name = Base; path = Base.lproj/LaunchScreen.storyboard; sourceTree = "<group>"; };
		1256E19D1FCA86AC00A02B10 /* Info.plist */ = {isa = PBXFileReference; lastKnownFileType = text.plist.xml; path = Info.plist; sourceTree = "<group>"; };
		1292F142202CEB3500F81DFD /* AVFoundation.framework */ = {isa = PBXFileReference; lastKnownFileType = wrapper.framework; name = AVFoundation.framework; path = System/Library/Frameworks/AVFoundation.framework; sourceTree = SDKROOT; };
		12B8CC042026292200FE7097 /* Pitches.swift */ = {isa = PBXFileReference; lastKnownFileType = sourcecode.swift; path = Pitches.swift; sourceTree = "<group>"; };
		8FDE54E9202E0C5700AD131F /* Keys.swift */ = {isa = PBXFileReference; lastKnownFileType = sourcecode.swift; path = Keys.swift; sourceTree = "<group>"; };
/* End PBXFileReference section */

/* Begin PBXFrameworksBuildPhase section */
		1256E18B1FCA86AC00A02B10 /* Frameworks */ = {
			isa = PBXFrameworksBuildPhase;
			buildActionMask = 2147483647;
			files = (
				1292F143202CEB3500F81DFD /* AVFoundation.framework in Frameworks */,
			);
			runOnlyForDeploymentPostprocessing = 0;
		};
/* End PBXFrameworksBuildPhase section */

/* Begin PBXGroup section */
		1256E1851FCA86AC00A02B10 = {
			isa = PBXGroup;
			children = (
				1256E1901FCA86AC00A02B10 /* Music Interval App */,
				1256E18F1FCA86AC00A02B10 /* Products */,
				1292F141202CEB3500F81DFD /* Frameworks */,
			);
			sourceTree = "<group>";
		};
		1256E18F1FCA86AC00A02B10 /* Products */ = {
			isa = PBXGroup;
			children = (
				1256E18E1FCA86AC00A02B10 /* Music Interval App.app */,
			);
			name = Products;
			sourceTree = "<group>";
		};
		1256E1901FCA86AC00A02B10 /* Music Interval App */ = {
			isa = PBXGroup;
			children = (
				1256E1911FCA86AC00A02B10 /* AppDelegate.swift */,
				1256E1931FCA86AC00A02B10 /* ViewController.swift */,
				1256E1951FCA86AC00A02B10 /* Main.storyboard */,
				1256E19A1FCA86AC00A02B10 /* LaunchScreen.storyboard */,
				1256E1981FCA86AC00A02B10 /* Assets.xcassets */,
				BB43068920262541003056AF /* Pitches Audio */,
				1256E19D1FCA86AC00A02B10 /* Info.plist */,
				12B8CC042026292200FE7097 /* Pitches.swift */,
				8FDE54E9202E0C5700AD131F /* Keys.swift */,
			);
			path = "Music Interval App";
			sourceTree = "<group>";
		};
		1292F141202CEB3500F81DFD /* Frameworks */ = {
			isa = PBXGroup;
			children = (
				1292F142202CEB3500F81DFD /* AVFoundation.framework */,
			);
			name = Frameworks;
			sourceTree = "<group>";
		};
		BB43068920262541003056AF /* Pitches Audio */ = {
			isa = PBXGroup;
			children = (
			);
			path = "Pitches Audio";
			sourceTree = "<group>";
		};
/* End PBXGroup section */

/* Begin PBXNativeTarget section */
		1256E18D1FCA86AC00A02B10 /* Music Interval App */ = {
			isa = PBXNativeTarget;
			buildConfigurationList = 1256E1A01FCA86AC00A02B10 /* Build configuration list for PBXNativeTarget "Music Interval App" */;
			buildPhases = (
				1256E18A1FCA86AC00A02B10 /* Sources */,
				1256E18B1FCA86AC00A02B10 /* Frameworks */,
				1256E18C1FCA86AC00A02B10 /* Resources */,
			);
			buildRules = (
			);
			dependencies = (
			);
			name = "Music Interval App";
			productName = "Music Interval App";
			productReference = 1256E18E1FCA86AC00A02B10 /* Music Interval App.app */;
			productType = "com.apple.product-type.application";
		};
/* End PBXNativeTarget section */

/* Begin PBXProject section */
		1256E1861FCA86AC00A02B10 /* Project object */ = {
			isa = PBXProject;
			attributes = {
				LastSwiftUpdateCheck = 0910;
				LastUpgradeCheck = 0910;
				ORGANIZATIONNAME = "Maryville App Development";
				TargetAttributes = {
					1256E18D1FCA86AC00A02B10 = {
						CreatedOnToolsVersion = 9.1;
						ProvisioningStyle = Automatic;
					};
				};
			};
			buildConfigurationList = 1256E1891FCA86AC00A02B10 /* Build configuration list for PBXProject "Music Interval App" */;
			compatibilityVersion = "Xcode 8.0";
			developmentRegion = en;
			hasScannedForEncodings = 0;
			knownRegions = (
				en,
				Base,
			);
			mainGroup = 1256E1851FCA86AC00A02B10;
			productRefGroup = 1256E18F1FCA86AC00A02B10 /* Products */;
			projectDirPath = "";
			projectRoot = "";
			targets = (
				1256E18D1FCA86AC00A02B10 /* Music Interval App */,
			);
		};
/* End PBXProject section */

/* Begin PBXResourcesBuildPhase section */
		1256E18C1FCA86AC00A02B10 /* Resources */ = {
			isa = PBXResourcesBuildPhase;
			buildActionMask = 2147483647;
			files = (
				1256E19C1FCA86AC00A02B10 /* LaunchScreen.storyboard in Resources */,
				1256E1991FCA86AC00A02B10 /* Assets.xcassets in Resources */,
				1256E1971FCA86AC00A02B10 /* Main.storyboard in Resources */,
			);
			runOnlyForDeploymentPostprocessing = 0;
		};
/* End PBXResourcesBuildPhase section */

/* Begin PBXSourcesBuildPhase section */
		1256E18A1FCA86AC00A02B10 /* Sources */ = {
			isa = PBXSourcesBuildPhase;
			buildActionMask = 2147483647;
			files = (
				1256E1941FCA86AC00A02B10 /* ViewController.swift in Sources */,
				8FDE54EA202E0C5700AD131F /* Keys.swift in Sources */,
				1256E1921FCA86AC00A02B10 /* AppDelegate.swift in Sources */,
				12B8CC052026292200FE7097 /* Pitches.swift in Sources */,
			);
			runOnlyForDeploymentPostprocessing = 0;
		};
/* End PBXSourcesBuildPhase section */

/* Begin PBXVariantGroup section */
		1256E1951FCA86AC00A02B10 /* Main.storyboard */ = {
			isa = PBXVariantGroup;
			children = (
				1256E1961FCA86AC00A02B10 /* Base */,
			);
			name = Main.storyboard;
			sourceTree = "<group>";
		};
		1256E19A1FCA86AC00A02B10 /* LaunchScreen.storyboard */ = {
			isa = PBXVariantGroup;
			children = (
				1256E19B1FCA86AC00A02B10 /* Base */,
			);
			name = LaunchScreen.storyboard;
			sourceTree = "<group>";
		};
/* End PBXVariantGroup section */

/* Begin XCBuildConfiguration section */
		1256E19E1FCA86AC00A02B10 /* Debug */ = {
			isa = XCBuildConfiguration;
			buildSettings = {
				ALWAYS_SEARCH_USER_PATHS = NO;
				CLANG_ANALYZER_NONNULL = YES;
				CLANG_ANALYZER_NUMBER_OBJECT_CONVERSION = YES_AGGRESSIVE;
				CLANG_CXX_LANGUAGE_STANDARD = "gnu++14";
				CLANG_CXX_LIBRARY = "libc++";
				CLANG_ENABLE_MODULES = YES;
				CLANG_ENABLE_OBJC_ARC = YES;
				CLANG_WARN_BLOCK_CAPTURE_AUTORELEASING = YES;
				CLANG_WARN_BOOL_CONVERSION = YES;
				CLANG_WARN_COMMA = YES;
				CLANG_WARN_CONSTANT_CONVERSION = YES;
				CLANG_WARN_DIRECT_OBJC_ISA_USAGE = YES_ERROR;
				CLANG_WARN_DOCUMENTATION_COMMENTS = YES;
				CLANG_WARN_EMPTY_BODY = YES;
				CLANG_WARN_ENUM_CONVERSION = YES;
				CLANG_WARN_INFINITE_RECURSION = YES;
				CLANG_WARN_INT_CONVERSION = YES;
				CLANG_WARN_NON_LITERAL_NULL_CONVERSION = YES;
				CLANG_WARN_OBJC_LITERAL_CONVERSION = YES;
				CLANG_WARN_OBJC_ROOT_CLASS = YES_ERROR;
				CLANG_WARN_RANGE_LOOP_ANALYSIS = YES;
				CLANG_WARN_STRICT_PROTOTYPES = YES;
				CLANG_WARN_SUSPICIOUS_MOVE = YES;
				CLANG_WARN_UNGUARDED_AVAILABILITY = YES_AGGRESSIVE;
				CLANG_WARN_UNREACHABLE_CODE = YES;
				CLANG_WARN__DUPLICATE_METHOD_MATCH = YES;
				CODE_SIGN_IDENTITY = "iPhone Developer";
				COPY_PHASE_STRIP = NO;
				DEBUG_INFORMATION_FORMAT = dwarf;
				ENABLE_STRICT_OBJC_MSGSEND = YES;
				ENABLE_TESTABILITY = YES;
				GCC_C_LANGUAGE_STANDARD = gnu11;
				GCC_DYNAMIC_NO_PIC = NO;
				GCC_NO_COMMON_BLOCKS = YES;
				GCC_OPTIMIZATION_LEVEL = 0;
				GCC_PREPROCESSOR_DEFINITIONS = (
					"DEBUG=1",
					"$(inherited)",
				);
				GCC_WARN_64_TO_32_BIT_CONVERSION = YES;
				GCC_WARN_ABOUT_RETURN_TYPE = YES_ERROR;
				GCC_WARN_UNDECLARED_SELECTOR = YES;
				GCC_WARN_UNINITIALIZED_AUTOS = YES_AGGRESSIVE;
				GCC_WARN_UNUSED_FUNCTION = YES;
				GCC_WARN_UNUSED_VARIABLE = YES;
				IPHONEOS_DEPLOYMENT_TARGET = 11.1;
				MTL_ENABLE_DEBUG_INFO = YES;
				ONLY_ACTIVE_ARCH = YES;
				SDKROOT = iphoneos;
				SWIFT_ACTIVE_COMPILATION_CONDITIONS = DEBUG;
				SWIFT_OPTIMIZATION_LEVEL = "-Onone";
			};
			name = Debug;
		};
		1256E19F1FCA86AC00A02B10 /* Release */ = {
			isa = XCBuildConfiguration;
			buildSettings = {
				ALWAYS_SEARCH_USER_PATHS = NO;
				CLANG_ANALYZER_NONNULL = YES;
				CLANG_ANALYZER_NUMBER_OBJECT_CONVERSION = YES_AGGRESSIVE;
				CLANG_CXX_LANGUAGE_STANDARD = "gnu++14";
				CLANG_CXX_LIBRARY = "libc++";
				CLANG_ENABLE_MODULES = YES;
				CLANG_ENABLE_OBJC_ARC = YES;
				CLANG_WARN_BLOCK_CAPTURE_AUTORELEASING = YES;
				CLANG_WARN_BOOL_CONVERSION = YES;
				CLANG_WARN_COMMA = YES;
				CLANG_WARN_CONSTANT_CONVERSION = YES;
				CLANG_WARN_DIRECT_OBJC_ISA_USAGE = YES_ERROR;
				CLANG_WARN_DOCUMENTATION_COMMENTS = YES;
				CLANG_WARN_EMPTY_BODY = YES;
				CLANG_WARN_ENUM_CONVERSION = YES;
				CLANG_WARN_INFINITE_RECURSION = YES;
				CLANG_WARN_INT_CONVERSION = YES;
				CLANG_WARN_NON_LITERAL_NULL_CONVERSION = YES;
				CLANG_WARN_OBJC_LITERAL_CONVERSION = YES;
				CLANG_WARN_OBJC_ROOT_CLASS = YES_ERROR;
				CLANG_WARN_RANGE_LOOP_ANALYSIS = YES;
				CLANG_WARN_STRICT_PROTOTYPES = YES;
				CLANG_WARN_SUSPICIOUS_MOVE = YES;
				CLANG_WARN_UNGUARDED_AVAILABILITY = YES_AGGRESSIVE;
				CLANG_WARN_UNREACHABLE_CODE = YES;
				CLANG_WARN__DUPLICATE_METHOD_MATCH = YES;
				CODE_SIGN_IDENTITY = "iPhone Developer";
				COPY_PHASE_STRIP = NO;
				DEBUG_INFORMATION_FORMAT = "dwarf-with-dsym";
				ENABLE_NS_ASSERTIONS = NO;
				ENABLE_STRICT_OBJC_MSGSEND = YES;
				GCC_C_LANGUAGE_STANDARD = gnu11;
				GCC_NO_COMMON_BLOCKS = YES;
				GCC_WARN_64_TO_32_BIT_CONVERSION = YES;
				GCC_WARN_ABOUT_RETURN_TYPE = YES_ERROR;
				GCC_WARN_UNDECLARED_SELECTOR = YES;
				GCC_WARN_UNINITIALIZED_AUTOS = YES_AGGRESSIVE;
				GCC_WARN_UNUSED_FUNCTION = YES;
				GCC_WARN_UNUSED_VARIABLE = YES;
				IPHONEOS_DEPLOYMENT_TARGET = 11.1;
				MTL_ENABLE_DEBUG_INFO = NO;
				SDKROOT = iphoneos;
				SWIFT_OPTIMIZATION_LEVEL = "-Owholemodule";
				VALIDATE_PRODUCT = YES;
			};
			name = Release;
		};
		1256E1A11FCA86AC00A02B10 /* Debug */ = {
			isa = XCBuildConfiguration;
			buildSettings = {
				ASSETCATALOG_COMPILER_APPICON_NAME = AppIcon;
				"CODE_SIGN_IDENTITY[sdk=iphoneos*]" = "iPhone Developer";
				CODE_SIGN_STYLE = Automatic;
				DEVELOPMENT_TEAM = "";
				INFOPLIST_FILE = "Music Interval App/Info.plist";
				LD_RUNPATH_SEARCH_PATHS = "$(inherited) @executable_path/Frameworks";
				PRODUCT_BUNDLE_IDENTIFIER = "edu.maryville.swdv.fl17.Music-Interval-App";
				PRODUCT_NAME = "$(TARGET_NAME)";
				PROVISIONING_PROFILE_SPECIFIER = "";
				SWIFT_VERSION = 4.0;
				TARGETED_DEVICE_FAMILY = "1,2";
			};
			name = Debug;
		};
		1256E1A21FCA86AC00A02B10 /* Release */ = {
			isa = XCBuildConfiguration;
			buildSettings = {
				ASSETCATALOG_COMPILER_APPICON_NAME = AppIcon;
				"CODE_SIGN_IDENTITY[sdk=iphoneos*]" = "iPhone Developer";
				CODE_SIGN_STYLE = Automatic;
				DEVELOPMENT_TEAM = "";
				INFOPLIST_FILE = "Music Interval App/Info.plist";
				LD_RUNPATH_SEARCH_PATHS = "$(inherited) @executable_path/Frameworks";
				PRODUCT_BUNDLE_IDENTIFIER = "edu.maryville.swdv.fl17.Music-Interval-App";
				PRODUCT_NAME = "$(TARGET_NAME)";
				PROVISIONING_PROFILE_SPECIFIER = "";
				SWIFT_VERSION = 4.0;
				TARGETED_DEVICE_FAMILY = "1,2";
			};
			name = Release;
		};
/* End XCBuildConfiguration section */

/* Begin XCConfigurationList section */
		1256E1891FCA86AC00A02B10 /* Build configuration list for PBXProject "Music Interval App" */ = {
			isa = XCConfigurationList;
			buildConfigurations = (
				1256E19E1FCA86AC00A02B10 /* Debug */,
				1256E19F1FCA86AC00A02B10 /* Release */,
			);
			defaultConfigurationIsVisible = 0;
			defaultConfigurationName = Release;
		};
		1256E1A01FCA86AC00A02B10 /* Build configuration list for PBXNativeTarget "Music Interval App" */ = {
			isa = XCConfigurationList;
			buildConfigurations = (
				1256E1A11FCA86AC00A02B10 /* Debug */,
				1256E1A21FCA86AC00A02B10 /* Release */,
			);
			defaultConfigurationIsVisible = 0;
			defaultConfigurationName = Release;
		};
/* End XCConfigurationList section */
	};
	rootObject = 1256E1861FCA86AC00A02B10 /* Project object */;
}
